
Microsoft Visual Studio Solution File, Format Version 12.00
Project("{FAE04EC0-301F-11D3-BF4B-00C04F79EFBC}") = "SecureAppVault", "SecureAppVault.csproj", "{449D7A10-6F29-4961-8D49-828FCCA956F1}"
EndProject
Global
	GlobalSection(SolutionConfigurationPlatforms) = preSolution
		Debug|Any CPU = Debug|Any CPU
		Release|Any CPU = Release|Any CPU
	EndGlobalSection
	GlobalSection(ProjectConfigurationPlatforms) = postSolution
		{449D7A10-6F29-4961-8D49-828FCCA956F1}.Debug|Any CPU.ActiveCfg = Debug|Any CPU
		{449D7A10-6F29-4961-8D49-828FCCA956F1}.Debug|Any CPU.Build.0 = Debug|Any CPU
		{449D7A10-6F29-4961-8D49-828FCCA956F1}.Release|Any CPU.ActiveCfg = Release|Any CPU
		{449D7A10-6F29-4961-8D49-828FCCA956F1}.Release|Any CPU.Build.0 = Release|Any CPU
	EndGlobalSection
EndGlobal
